# THIS IS AN AUTOGENERATED FILE. DO NOT EDIT THIS FILE DIRECTLY.
# yarn lockfile v1


"@ledgerhq/hw-transport-u2f@^4.7.3":
  version "4.7.3"
  resolved "https://registry.yarnpkg.com/@ledgerhq/hw-transport-u2f/-/hw-transport-u2f-4.7.3.tgz#32be84bd2829f0ad0745604355f73a169dceb5e5"
  dependencies:
    "@ledgerhq/hw-transport" "^4.7.3"
    u2f-api "0.2.7"

"@ledgerhq/hw-transport@^4.7.3":
  version "4.7.3"
  resolved "https://registry.yarnpkg.com/@ledgerhq/hw-transport/-/hw-transport-4.7.3.tgz#e89cd90d30aaf008adf9fdfa4af317a48fe798ca"
  dependencies:
    events "^2.0.0"

events@^2.0.0:
  version "2.0.0"
  resolved "https://registry.yarnpkg.com/events/-/events-2.0.0.tgz#cbbb56bf3ab1ac18d71c43bb32c86255062769f2"

u2f-api@0.2.7:
  version "0.2.7"
  resolved "https://registry.yarnpkg.com/u2f-api/-/u2f-api-0.2.7.tgz#17bf196b242f6bf72353d9858e6a7566cc192720"
